{
  "originHash" : "4f530290e30fe4f927a8fa79f6e48959336cd2e3ec409e562db98ac888773ccd",
  "pins" : [
    {
      "identity" : "onnxruntime-swift-package-manager",
      "kind" : "remoteSourceControl",
      "location" : "https://github.com/microsoft/onnxruntime-swift-package-manager",
      "state" : {
        "revision" : "b7fb7f7dea8a2469e6335d95a61b8f36d0dc83b2",
        "version" : "1.24.2"
      }
    }
  ],
  "version" : 3
}
