// !$*UTF8*$!
{
	archiveVersion = 1;
	classes = {
	};
	objectVersion = 77;
	objects = {

/* Begin PBXBuildFile section */
		135F501B8A5BF69045A9708F /* AppModel.swift in Sources */ = {isa = PBXBuildFile; fileRef = 1F2BE519ABB041465A9163E5 /* AppModel.swift */; };
		514E005860FA62B8C3BFC234 /* OnboardingView.swift in Sources */ = {isa = PBXBuildFile; fileRef = 0D71B40E61CB032EC32A3D01 /* OnboardingView.swift */; };
		6072C0A3D69565D242639B1E /* StoryView.swift in Sources */ = {isa = PBXBuildFile; fileRef = 2EFE958EC164055A9077B445 /* StoryView.swift */; };
		62BFEC33DBA17AEDEE1904B0 /* TinyTalkPlatform in Frameworks */ = {isa = PBXBuildFile; productRef = FFD470684EC547980EFB5F9F /* TinyTalkPlatform */; };
		691E33386BF7000648C8579F /* SettingsView.swift in Sources */ = {isa = PBXBuildFile; fileRef = CF2B8C0936557EFBE207044B /* SettingsView.swift */; };
		74D386D297BEA59506D3AC3C /* TinyTalkCore in Frameworks */ = {isa = PBXBuildFile; productRef = 3AA3AE4B746E2BC75681276E /* TinyTalkCore */; };
		760FF3A9E4E9EA3133D04DA4 /* ElsieAvatar.swift in Sources */ = {isa = PBXBuildFile; fileRef = EB2D910E78603486730F9D26 /* ElsieAvatar.swift */; };
		8438D7196C92086AE1275FD3 /* silero_vad.onnx in Resources */ = {isa = PBXBuildFile; fileRef = 5B3EC89E9EEAEF7DFA4CFC5C /* silero_vad.onnx */; };
		A6C2ACF3CD2F2C8FC2B9A88D /* TinyTalkAppApp.swift in Sources */ = {isa = PBXBuildFile; fileRef = 37382A8458DB818AE90B7993 /* TinyTalkAppApp.swift */; };
		AF07B793F6DA392BD8B59410 /* DesignSystem.swift in Sources */ = {isa = PBXBuildFile; fileRef = C3D0C18556C673B1FF8956C6 /* DesignSystem.swift */; };
		B0E62897284E687561873643 /* ContentView.swift in Sources */ = {isa = PBXBuildFile; fileRef = B25F7304A173D34DB6F56120 /* ContentView.swift */; };
		E03DC46EFEAD8677BA00D919 /* LandingView.swift in Sources */ = {isa = PBXBuildFile; fileRef = 6112E49A1527F93C79DE7912 /* LandingView.swift */; };
/* End PBXBuildFile section */

/* Begin PBXFileReference section */
		0D71B40E61CB032EC32A3D01 /* OnboardingView.swift */ = {isa = PBXFileReference; lastKnownFileType = sourcecode.swift; path = OnboardingView.swift; sourceTree = "<group>"; };
		1F2BE519ABB041465A9163E5 /* AppModel.swift */ = {isa = PBXFileReference; lastKnownFileType = sourcecode.swift; path = AppModel.swift; sourceTree = "<group>"; };
		2EFE958EC164055A9077B445 /* StoryView.swift */ = {isa = PBXFileReference; lastKnownFileType = sourcecode.swift; path = StoryView.swift; sourceTree = "<group>"; };
		37382A8458DB818AE90B7993 /* TinyTalkAppApp.swift */ = {isa = PBXFileReference; lastKnownFileType = sourcecode.swift; path = TinyTalkAppApp.swift; sourceTree = "<group>"; };
		5B3EC89E9EEAEF7DFA4CFC5C /* silero_vad.onnx */ = {isa = PBXFileReference; path = silero_vad.onnx; sourceTree = "<group>"; };
		6112E49A1527F93C79DE7912 /* LandingView.swift */ = {isa = PBXFileReference; lastKnownFileType = sourcecode.swift; path = LandingView.swift; sourceTree = "<group>"; };
		7C554C1EE23344030C4B4EEB /* Local.xcconfig */ = {isa = PBXFileReference; lastKnownFileType = text.xcconfig; path = Local.xcconfig; sourceTree = "<group>"; };
		8C08E7257C99B1CA50C2F1EC /* TinyTalkCore */ = {isa = PBXFileReference; lastKnownFileType = folder; name = TinyTalkCore; path = ../TinyTalkCore; sourceTree = SOURCE_ROOT; };
		8D0D3978AC2A2D53115B8379 /* Info.plist */ = {isa = PBXFileReference; lastKnownFileType = text.plist; path = Info.plist; sourceTree = "<group>"; };
		997CEE22CFBE485E57B27FEF /* TinyTalkApp.app */ = {isa = PBXFileReference; includeInIndex = 0; lastKnownFileType = wrapper.application; path = TinyTalkApp.app; sourceTree = BUILT_PRODUCTS_DIR; };
		B25F7304A173D34DB6F56120 /* ContentView.swift */ = {isa = PBXFileReference; lastKnownFileType = sourcecode.swift; path = ContentView.swift; sourceTree = "<group>"; };
		C3D0C18556C673B1FF8956C6 /* DesignSystem.swift */ = {isa = PBXFileReference; lastKnownFileType = sourcecode.swift; path = DesignSystem.swift; sourceTree = "<group>"; };
		CF2B8C0936557EFBE207044B /* SettingsView.swift */ = {isa = PBXFileReference; lastKnownFileType = sourcecode.swift; path = SettingsView.swift; sourceTree = "<group>"; };
		EB2D910E78603486730F9D26 /* ElsieAvatar.swift */ = {isa = PBXFileReference; lastKnownFileType = sourcecode.swift; path = ElsieAvatar.swift; sourceTree = "<group>"; };
/* End PBXFileReference section */

/* Begin PBXFrameworksBuildPhase section */
		CF80050B500A60BA687BB835 /* Frameworks */ = {
			isa = PBXFrameworksBuildPhase;
			buildActionMask = 2147483647;
			files = (
				74D386D297BEA59506D3AC3C /* TinyTalkCore in Frameworks */,
				62BFEC33DBA17AEDEE1904B0 /* TinyTalkPlatform in Frameworks */,
			);
			runOnlyForDeploymentPostprocessing = 0;
		};
/* End PBXFrameworksBuildPhase section */

/* Begin PBXGroup section */
		A85331132152DD2A54DA7F0C /* Products */ = {
			isa = PBXGroup;
			children = (
				997CEE22CFBE485E57B27FEF /* TinyTalkApp.app */,
			);
			name = Products;
			sourceTree = "<group>";
		};
		C2AF23B97D22EDAE08C01693 /* TinyTalkApp */ = {
			isa = PBXGroup;
			children = (
				7C554C1EE23344030C4B4EEB /* Local.xcconfig */,
			);
			name = TinyTalkApp;
			path = .;
			sourceTree = "<group>";
		};
		D1F31A10837FB8A276D69CEE /* TinyTalkApp */ = {
			isa = PBXGroup;
			children = (
				1F2BE519ABB041465A9163E5 /* AppModel.swift */,
				B25F7304A173D34DB6F56120 /* ContentView.swift */,
				C3D0C18556C673B1FF8956C6 /* DesignSystem.swift */,
				EB2D910E78603486730F9D26 /* ElsieAvatar.swift */,
				8D0D3978AC2A2D53115B8379 /* Info.plist */,
				6112E49A1527F93C79DE7912 /* LandingView.swift */,
				0D71B40E61CB032EC32A3D01 /* OnboardingView.swift */,
				CF2B8C0936557EFBE207044B /* SettingsView.swift */,
				5B3EC89E9EEAEF7DFA4CFC5C /* silero_vad.onnx */,
				2EFE958EC164055A9077B445 /* StoryView.swift */,
				37382A8458DB818AE90B7993 /* TinyTalkAppApp.swift */,
			);
			path = TinyTalkApp;
			sourceTree = "<group>";
		};
		EA409C35FE5145441A727698 /* Packages */ = {
			isa = PBXGroup;
			children = (
				8C08E7257C99B1CA50C2F1EC /* TinyTalkCore */,
			);
			name = Packages;
			sourceTree = "<group>";
		};
		F51EC6C3D22345420B8A3FEE = {
			isa = PBXGroup;
			children = (
				EA409C35FE5145441A727698 /* Packages */,
				D1F31A10837FB8A276D69CEE /* TinyTalkApp */,
				C2AF23B97D22EDAE08C01693 /* TinyTalkApp */,
				A85331132152DD2A54DA7F0C /* Products */,
			);
			sourceTree = "<group>";
		};
/* End PBXGroup section */

/* Begin PBXNativeTarget section */
		9710F7CD02766A5187A76861 /* TinyTalkApp */ = {
			isa = PBXNativeTarget;
			buildConfigurationList = 584FA79DF3D7C2EB7440B35D /* Build configuration list for PBXNativeTarget "TinyTalkApp" */;
			buildPhases = (
				6EA8D07FE10E2EF79A5A35F5 /* Sources */,
				7F18770D0052FF6314DF9D45 /* Resources */,
				CF80050B500A60BA687BB835 /* Frameworks */,
			);
			buildRules = (
			);
			dependencies = (
			);
			name = TinyTalkApp;
			packageProductDependencies = (
				3AA3AE4B746E2BC75681276E /* TinyTalkCore */,
				FFD470684EC547980EFB5F9F /* TinyTalkPlatform */,
			);
			productName = TinyTalkApp;
			productReference = 997CEE22CFBE485E57B27FEF /* TinyTalkApp.app */;
			productType = "com.apple.product-type.application";
		};
/* End PBXNativeTarget section */

/* Begin PBXProject section */
		DDC0FEF8440C279B22B94769 /* Project object */ = {
			isa = PBXProject;
			attributes = {
				BuildIndependentTargetsInParallel = YES;
				LastUpgradeCheck = 1430;
				TargetAttributes = {
					9710F7CD02766A5187A76861 = {
						DevelopmentTeam = KLHAC4LYY3;
					};
				};
			};
			buildConfigurationList = E03726D8C548A70877D61D7B /* Build configuration list for PBXProject "TinyTalkApp" */;
			developmentRegion = en;
			hasScannedForEncodings = 0;
			knownRegions = (
				Base,
				en,
			);
			mainGroup = F51EC6C3D22345420B8A3FEE;
			minimizedProjectReferenceProxies = 1;
			packageReferences = (
				5D2808270DDAB551CFDE8A82 /* XCLocalSwiftPackageReference "../TinyTalkCore" */,
			);
			preferredProjectObjectVersion = 77;
			productRefGroup = A85331132152DD2A54DA7F0C /* Products */;
			projectDirPath = "";
			projectRoot = "";
			targets = (
				9710F7CD02766A5187A76861 /* TinyTalkApp */,
			);
		};
/* End PBXProject section */

/* Begin PBXResourcesBuildPhase section */
		7F18770D0052FF6314DF9D45 /* Resources */ = {
			isa = PBXResourcesBuildPhase;
			buildActionMask = 2147483647;
			files = (
				8438D7196C92086AE1275FD3 /* silero_vad.onnx in Resources */,
			);
			runOnlyForDeploymentPostprocessing = 0;
		};
/* End PBXResourcesBuildPhase section */

/* Begin PBXSourcesBuildPhase section */
		6EA8D07FE10E2EF79A5A35F5 /* Sources */ = {
			isa = PBXSourcesBuildPhase;
			buildActionMask = 2147483647;
			files = (
				135F501B8A5BF69045A9708F /* AppModel.swift in Sources */,
				B0E62897284E687561873643 /* ContentView.swift in Sources */,
				AF07B793F6DA392BD8B59410 /* DesignSystem.swift in Sources */,
				760FF3A9E4E9EA3133D04DA4 /* ElsieAvatar.swift in Sources */,
				E03DC46EFEAD8677BA00D919 /* LandingView.swift in Sources */,
				514E005860FA62B8C3BFC234 /* OnboardingView.swift in Sources */,
				691E33386BF7000648C8579F /* SettingsView.swift in Sources */,
				6072C0A3D69565D242639B1E /* StoryView.swift in Sources */,
				A6C2ACF3CD2F2C8FC2B9A88D /* TinyTalkAppApp.swift in Sources */,
			);
			runOnlyForDeploymentPostprocessing = 0;
		};
/* End PBXSourcesBuildPhase section */

/* Begin XCBuildConfiguration section */
		497FB4B492FDD480CFC0DFFA /* Release */ = {
			isa = XCBuildConfiguration;
			baseConfigurationReference = 7C554C1EE23344030C4B4EEB /* Local.xcconfig */;
			buildSettings = {
				ALWAYS_SEARCH_USER_PATHS = NO;
				CLANG_ANALYZER_NONNULL = YES;
				CLANG_ANALYZER_NUMBER_OBJECT_CONVERSION = YES_AGGRESSIVE;
				CLANG_CXX_LANGUAGE_STANDARD = "gnu++14";
				CLANG_CXX_LIBRARY = "libc++";
				CLANG_ENABLE_MODULES = YES;
				CLANG_ENABLE_OBJC_ARC = YES;
				CLANG_ENABLE_OBJC_WEAK = YES;
				CLANG_WARN_BLOCK_CAPTURE_AUTORELEASING = YES;
				CLANG_WARN_BOOL_CONVERSION = YES;
				CLANG_WARN_COMMA = YES;
				CLANG_WARN_CONSTANT_CONVERSION = YES;
				CLANG_WARN_DEPRECATED_OBJC_IMPLEMENTATIONS = YES;
				CLANG_WARN_DIRECT_OBJC_ISA_USAGE = YES_ERROR;
				CLANG_WARN_DOCUMENTATION_COMMENTS = YES;
				CLANG_WARN_EMPTY_BODY = YES;
				CLANG_WARN_ENUM_CONVERSION = YES;
				CLANG_WARN_INFINITE_RECURSION = YES;
				CLANG_WARN_INT_CONVERSION = YES;
				CLANG_WARN_NON_LITERAL_NULL_CONVERSION = YES;
				CLANG_WARN_OBJC_IMPLICIT_RETAIN_SELF = YES;
				CLANG_WARN_OBJC_LITERAL_CONVERSION = YES;
				CLANG_WARN_OBJC_ROOT_CLASS = YES_ERROR;
				CLANG_WARN_QUOTED_INCLUDE_IN_FRAMEWORK_HEADER = YES;
				CLANG_WARN_RANGE_LOOP_ANALYSIS = YES;
				CLANG_WARN_STRICT_PROTOTYPES = YES;
				CLANG_WARN_SUSPICIOUS_MOVE = YES;
				CLANG_WARN_UNGUARDED_AVAILABILITY = YES_AGGRESSIVE;
				CLANG_WARN_UNREACHABLE_CODE = YES;
				CLANG_WARN__DUPLICATE_METHOD_MATCH = YES;
				COPY_PHASE_STRIP = NO;
				DEBUG_INFORMATION_FORMAT = "dwarf-with-dsym";
				ENABLE_NS_ASSERTIONS = NO;
				ENABLE_STRICT_OBJC_MSGSEND = YES;
				GCC_C_LANGUAGE_STANDARD = gnu11;
				GCC_NO_COMMON_BLOCKS = YES;
				GCC_WARN_64_TO_32_BIT_CONVERSION = YES;
				GCC_WARN_ABOUT_RETURN_TYPE = YES_ERROR;
				GCC_WARN_UNDECLARED_SELECTOR = YES;
				GCC_WARN_UNINITIALIZED_AUTOS = YES_AGGRESSIVE;
				GCC_WARN_UNUSED_FUNCTION = YES;
				GCC_WARN_UNUSED_VARIABLE = YES;
				MTL_ENABLE_DEBUG_INFO = NO;
				MTL_FAST_MATH = YES;
				PRODUCT_NAME = "$(TARGET_NAME)";
				SDKROOT = iphoneos;
				SWIFT_COMPILATION_MODE = wholemodule;
				SWIFT_OPTIMIZATION_LEVEL = "-O";
				SWIFT_VERSION = 5.0;
			};
			name = Release;
		};
		7D8BBA58F7D9812F30BBE13A /* Debug */ = {
			isa = XCBuildConfiguration;
			baseConfigurationReference = 7C554C1EE23344030C4B4EEB /* Local.xcconfig */;
			buildSettings = {
				ALWAYS_SEARCH_USER_PATHS = NO;
				CLANG_ANALYZER_NONNULL = YES;
				CLANG_ANALYZER_NUMBER_OBJECT_CONVERSION = YES_AGGRESSIVE;
				CLANG_CXX_LANGUAGE_STANDARD = "gnu++14";
				CLANG_CXX_LIBRARY = "libc++";
				CLANG_ENABLE_MODULES = YES;
				CLANG_ENABLE_OBJC_ARC = YES;
				CLANG_ENABLE_OBJC_WEAK = YES;
				CLANG_WARN_BLOCK_CAPTURE_AUTORELEASING = YES;
				CLANG_WARN_BOOL_CONVERSION = YES;
				CLANG_WARN_COMMA = YES;
				CLANG_WARN_CONSTANT_CONVERSION = YES;
				CLANG_WARN_DEPRECATED_OBJC_IMPLEMENTATIONS = YES;
				CLANG_WARN_DIRECT_OBJC_ISA_USAGE = YES_ERROR;
				CLANG_WARN_DOCUMENTATION_COMMENTS = YES;
				CLANG_WARN_EMPTY_BODY = YES;
				CLANG_WARN_ENUM_CONVERSION = YES;
				CLANG_WARN_INFINITE_RECURSION = YES;
				CLANG_WARN_INT_CONVERSION = YES;
				CLANG_WARN_NON_LITERAL_NULL_CONVERSION = YES;
				CLANG_WARN_OBJC_IMPLICIT_RETAIN_SELF = YES;
				CLANG_WARN_OBJC_LITERAL_CONVERSION = YES;
				CLANG_WARN_OBJC_ROOT_CLASS = YES_ERROR;
				CLANG_WARN_QUOTED_INCLUDE_IN_FRAMEWORK_HEADER = YES;
				CLANG_WARN_RANGE_LOOP_ANALYSIS = YES;
				CLANG_WARN_STRICT_PROTOTYPES = YES;
				CLANG_WARN_SUSPICIOUS_MOVE = YES;
				CLANG_WARN_UNGUARDED_AVAILABILITY = YES_AGGRESSIVE;
				CLANG_WARN_UNREACHABLE_CODE = YES;
				CLANG_WARN__DUPLICATE_METHOD_MATCH = YES;
				COPY_PHASE_STRIP = NO;
				DEBUG_INFORMATION_FORMAT = dwarf;
				ENABLE_STRICT_OBJC_MSGSEND = YES;
				ENABLE_TESTABILITY = YES;
				GCC_C_LANGUAGE_STANDARD = gnu11;
				GCC_DYNAMIC_NO_PIC = NO;
				GCC_NO_COMMON_BLOCKS = YES;
				GCC_OPTIMIZATION_LEVEL = 0;
				GCC_PREPROCESSOR_DEFINITIONS = (
					"$(inherited)",
					"DEBUG=1",
				);
				GCC_WARN_64_TO_32_BIT_CONVERSION = YES;
				GCC_WARN_ABOUT_RETURN_TYPE = YES_ERROR;
				GCC_WARN_UNDECLARED_SELECTOR = YES;
				GCC_WARN_UNINITIALIZED_AUTOS = YES_AGGRESSIVE;
				GCC_WARN_UNUSED_FUNCTION = YES;
				GCC_WARN_UNUSED_VARIABLE = YES;
				MTL_ENABLE_DEBUG_INFO = INCLUDE_SOURCE;
				MTL_FAST_MATH = YES;
				ONLY_ACTIVE_ARCH = YES;
				PRODUCT_NAME = "$(TARGET_NAME)";
				SDKROOT = iphoneos;
				SWIFT_ACTIVE_COMPILATION_CONDITIONS = DEBUG;
				SWIFT_OPTIMIZATION_LEVEL = "-Onone";
				SWIFT_VERSION = 5.0;
			};
			name = Debug;
		};
		A203052F9D194AC169465BC2 /* Debug */ = {
			isa = XCBuildConfiguration;
			buildSettings = {
				ASSETCATALOG_COMPILER_APPICON_NAME = AppIcon;
				CODE_SIGN_IDENTITY = "iPhone Developer";
				INFOPLIST_FILE = TinyTalkApp/Info.plist;
				IPHONEOS_DEPLOYMENT_TARGET = 16.0;
				LD_RUNPATH_SEARCH_PATHS = (
					"$(inherited)",
					"@executable_path/Frameworks",
				);
				PRODUCT_BUNDLE_IDENTIFIER = com.tinytalkadventures.TinyTalkApp;
				SDKROOT = iphoneos;
				SWIFT_VERSION = 6.0;
				TARGETED_DEVICE_FAMILY = "1,2";
			};
			name = Debug;
		};
		E59BBD9D8B8E13DBDA40FEC1 /* Release */ = {
			isa = XCBuildConfiguration;
			buildSettings = {
				ASSETCATALOG_COMPILER_APPICON_NAME = AppIcon;
				CODE_SIGN_IDENTITY = "iPhone Developer";
				INFOPLIST_FILE = TinyTalkApp/Info.plist;
				IPHONEOS_DEPLOYMENT_TARGET = 16.0;
				LD_RUNPATH_SEARCH_PATHS = (
					"$(inherited)",
					"@executable_path/Frameworks",
				);
				PRODUCT_BUNDLE_IDENTIFIER = com.tinytalkadventures.TinyTalkApp;
				SDKROOT = iphoneos;
				SWIFT_VERSION = 6.0;
				TARGETED_DEVICE_FAMILY = "1,2";
			};
			name = Release;
		};
/* End XCBuildConfiguration section */

/* Begin XCConfigurationList section */
		584FA79DF3D7C2EB7440B35D /* Build configuration list for PBXNativeTarget "TinyTalkApp" */ = {
			isa = XCConfigurationList;
			buildConfigurations = (
				A203052F9D194AC169465BC2 /* Debug */,
				E59BBD9D8B8E13DBDA40FEC1 /* Release */,
			);
			defaultConfigurationIsVisible = 0;
			defaultConfigurationName = Debug;
		};
		E03726D8C548A70877D61D7B /* Build configuration list for PBXProject "TinyTalkApp" */ = {
			isa = XCConfigurationList;
			buildConfigurations = (
				7D8BBA58F7D9812F30BBE13A /* Debug */,
				497FB4B492FDD480CFC0DFFA /* Release */,
			);
			defaultConfigurationIsVisible = 0;
			defaultConfigurationName = Debug;
		};
/* End XCConfigurationList section */

/* Begin XCLocalSwiftPackageReference section */
		5D2808270DDAB551CFDE8A82 /* XCLocalSwiftPackageReference "../TinyTalkCore" */ = {
			isa = XCLocalSwiftPackageReference;
			relativePath = ../TinyTalkCore;
		};
/* End XCLocalSwiftPackageReference section */

/* Begin XCSwiftPackageProductDependency section */
		3AA3AE4B746E2BC75681276E /* TinyTalkCore */ = {
			isa = XCSwiftPackageProductDependency;
			productName = TinyTalkCore;
		};
		FFD470684EC547980EFB5F9F /* TinyTalkPlatform */ = {
			isa = XCSwiftPackageProductDependency;
			productName = TinyTalkPlatform;
		};
/* End XCSwiftPackageProductDependency section */
	};
	rootObject = DDC0FEF8440C279B22B94769 /* Project object */;
}
